# Generated by pub
# See http://pub.dartlang.org/doc/glossary.html#lockfile
packages:
  logging:
    description: logging
    source: hosted
    version: "0.9.3"
  rails_ujs:
    description: rails_ujs
    source: hosted
    version: "1.0.1"
  websocket_rails:
    description:
      path: "/home/marcel/arbeitskopien/dart-websocket_rails"
      relative: false
    source: path
    version: "0.1.0"
